
Microsoft Visual Studio Solution File, Format Version 11.00
# Visual Studio 2010
Project("{FAE04EC0-301F-11D3-BF4B-00C04F79EFBC}") = "CSUrls", "CSUrls.csproj", "{FC1E1CF0-7B42-4619-A79C-8C3910053212}"
EndProject
Global
	GlobalSection(TeamFoundationVersionControl) = preSolution
		SccNumberOfProjects = 2
		SccEnterpriseProvider = {4CA58AB2-18FA-4F8D-95D4-32DDF27D184C}
		SccTeamFoundationServer = https://tfs.codeplex.com/tfs/tfs03
		SccLocalPath0 = .
		SccProjectUniqueName1 = CSUrls.csproj
		SccLocalPath1 = .
	EndGlobalSection
	GlobalSection(SolutionConfigurationPlatforms) = preSolution
		Debug|Any CPU = Debug|Any CPU
		Release|Any CPU = Release|Any CPU
	EndGlobalSection
	GlobalSection(ProjectConfigurationPlatforms) = postSolution
		{FC1E1CF0-7B42-4619-A79C-8C3910053212}.Debug|Any CPU.ActiveCfg = Debug|Any CPU
		{FC1E1CF0-7B42-4619-A79C-8C3910053212}.Debug|Any CPU.Build.0 = Debug|Any CPU
		{FC1E1CF0-7B42-4619-A79C-8C3910053212}.Release|Any CPU.ActiveCfg = Release|Any CPU
		{FC1E1CF0-7B42-4619-A79C-8C3910053212}.Release|Any CPU.Build.0 = Release|Any CPU
	EndGlobalSection
	GlobalSection(SolutionProperties) = preSolution
		HideSolutionNode = FALSE
	EndGlobalSection
EndGlobal
